
Microsoft Visual Studio Solution File, Format Version 12.00
# Visual Studio Version 17
VisualStudioVersion = 17.14.36518.9
MinimumVisualStudioVersion = 10.0.40219.1
Project("{2150E333-8FDC-42A3-9474-1A3956D46DE8}") = "Task0", "Task0", "{02EA681E-C7D8-13C7-8484-4AC65E1B71E8}"
EndProject
Project("{FAE04EC0-301F-11D3-BF4B-00C04F79EFBC}") = "Tyuiu.KozhevnikovYV.Sprint5.Task0.V7", "Tyuiu.KozhevnikovYV.Sprint5.Task0.V7\Tyuiu.KozhevnikovYV.Sprint5.Task0.V7.csproj", "{66C046EE-97E6-4603-80CC-433DCE265069}"
EndProject
Project("{FAE04EC0-301F-11D3-BF4B-00C04F79EFBC}") = "Tyuiu.KozhevnikovYV.Sprint5.Task0.V7.Lib", "Tyuiu.KozhevnikovYV.Sprint5.Task0.V7.Lib\Tyuiu.KozhevnikovYV.Sprint5.Task0.V7.Lib.csproj", "{9D67C6FA-73DB-4C61-B10B-5625B3921956}"
EndProject
Project("{FAE04EC0-301F-11D3-BF4B-00C04F79EFBC}") = "Tyuiu.KozhevnikovYV.Sprint5.Task0.V7.Test", "Tyuiu.KozhevnikovYV.Sprint5.Task0.V7.Test\Tyuiu.KozhevnikovYV.Sprint5.Task0.V7.Test.csproj", "{5E465BC1-2D29-4BEC-8068-0244BD1214D8}"
EndProject
Project("{2150E333-8FDC-42A3-9474-1A3956D46DE8}") = "Task1", "Task1", "{73145152-6C7C-4D11-BB2F-45411ACE171A}"
EndProject
Project("{FAE04EC0-301F-11D3-BF4B-00C04F79EFBC}") = "Tyuiu.KozhevnikovYV.Sprint5.Task1.V1", "Tyuiu.KozhevnikovYV.Sprint5.Task1.V1\Tyuiu.KozhevnikovYV.Sprint5.Task1.V1.csproj", "{6B6AD00C-ED2E-4664-8044-CF6A4B42D593}"
EndProject
Project("{FAE04EC0-301F-11D3-BF4B-00C04F79EFBC}") = "Tyuiu.KozhevnikovYV.Sprint5.Task1.V1.Lib", "Tyuiu.KozhevnikovYV.Sprint5.Task1.V1.Lib\Tyuiu.KozhevnikovYV.Sprint5.Task1.V1.Lib.csproj", "{F331AD33-CB68-42EA-8D1D-F4D71D9E7BB0}"
EndProject
Project("{FAE04EC0-301F-11D3-BF4B-00C04F79EFBC}") = "Tyuiu.KozhevnikovYV.Sprint5.Task1.V1.Test", "Tyuiu.KozhevnikovYV.Sprint5.Task1.V1.Test\Tyuiu.KozhevnikovYV.Sprint5.Task1.V1.Test.csproj", "{FFE03574-9529-446A-A274-022AFA4B9EA6}"
EndProject
Project("{2150E333-8FDC-42A3-9474-1A3956D46DE8}") = "Task2", "Task2", "{38AEF07F-303D-446C-8B05-D630B01215E7}"
EndProject
Project("{FAE04EC0-301F-11D3-BF4B-00C04F79EFBC}") = "Tyuiu.KozhevnikovYV.Sprint5.Task2.V17", "Tyuiu.KozhevnikovYV.Sprint5.Task2.V17\Tyuiu.KozhevnikovYV.Sprint5.Task2.V17.csproj", "{BFFC1CBF-6ECC-42A6-9E20-1BE92F4DDF82}"
EndProject
Project("{FAE04EC0-301F-11D3-BF4B-00C04F79EFBC}") = "Tyuiu.KozhevnikovYV.Sprint5.Task2.V17.Lib", "Tyuiu.KozhevnikovYV.Sprint5.Task2.V17.Lib\Tyuiu.KozhevnikovYV.Sprint5.Task2.V17.Lib.csproj", "{8F8ABD79-6470-4036-8CDE-A409A112DC2B}"
EndProject
Project("{FAE04EC0-301F-11D3-BF4B-00C04F79EFBC}") = "Tyuiu.KozhevnikovYV.Sprint5.Task2.V17.Test", "Tyuiu.KozhevnikovYV.Sprint5.Task2.V17.Test\Tyuiu.KozhevnikovYV.Sprint5.Task2.V17.Test.csproj", "{803A4357-0D12-4183-A308-C635EA6B17D5}"
EndProject
Project("{2150E333-8FDC-42A3-9474-1A3956D46DE8}") = "Task3", "Task3", "{5E70E6B3-7524-4B5B-8222-86C6D12C33DB}"
EndProject
Project("{FAE04EC0-301F-11D3-BF4B-00C04F79EFBC}") = "Tyuiu.KozhevnikovYV.Sprint5.Task3.V20", "Tyuiu.KozhevnikovYV.Sprint5.Task3.V20\Tyuiu.KozhevnikovYV.Sprint5.Task3.V20.csproj", "{0406A5E5-BC69-42D4-AAE0-867108BDFE56}"
EndProject
Project("{FAE04EC0-301F-11D3-BF4B-00C04F79EFBC}") = "Tyuiu.KozhevnikovYV.Sprint5.Task3.V20.Lib", "Tyuiu.KozhevnikovYV.Sprint5.Task3.V20.Lib\Tyuiu.KozhevnikovYV.Sprint5.Task3.V20.Lib.csproj", "{6DC2FBFE-9AF6-461C-9184-705B41F97D11}"
EndProject
Project("{FAE04EC0-301F-11D3-BF4B-00C04F79EFBC}") = "Tyuiu.KozhevnikovYV.Sprint5.Task3.V20.Test", "Tyuiu.KozhevnikovYV.Sprint5.Task3.V20.Test\Tyuiu.KozhevnikovYV.Sprint5.Task3.V20.Test.csproj", "{251775C6-6260-4933-8FF1-3272D23677A4}"
EndProject
Project("{2150E333-8FDC-42A3-9474-1A3956D46DE8}") = "Task4", "Task4", "{4DB5A448-A7AE-4664-BA4D-3C03AB2803B0}"
EndProject
Project("{FAE04EC0-301F-11D3-BF4B-00C04F79EFBC}") = "Tyuiu.KozhevnikovYV.Sprint5.Task4.V3", "Tyuiu.KozhevnikovYV.Sprint5.Task4.V3\Tyuiu.KozhevnikovYV.Sprint5.Task4.V3.csproj", "{AC70BF3C-8831-486C-9544-A21D279E57B7}"
EndProject
Project("{FAE04EC0-301F-11D3-BF4B-00C04F79EFBC}") = "Tyuiu.KozhevnikovYV.Sprint5.Task4.V3.Lib", "Tyuiu.KozhevnikovYV.Sprint5.Task4.V3.Lib\Tyuiu.KozhevnikovYV.Sprint5.Task4.V3.Lib.csproj", "{2377B386-3A54-40DE-BA5D-FAF2CAB96899}"
EndProject
Project("{FAE04EC0-301F-11D3-BF4B-00C04F79EFBC}") = "Tyuiu.KozhevnikovYV.Sprint5.Task4.V3.Test", "Tyuiu.KozhevnikovYV.Sprint5.Task4.V3.Test\Tyuiu.KozhevnikovYV.Sprint5.Task4.V3.Test.csproj", "{2BC078A5-D61B-4EA8-9603-164C8D9D7C79}"
EndProject
Project("{2150E333-8FDC-42A3-9474-1A3956D46DE8}") = "Task5", "Task5", "{CB86B51B-C64B-4A1B-A8EB-244A6F008463}"
EndProject
Project("{FAE04EC0-301F-11D3-BF4B-00C04F79EFBC}") = "Tyuiu.KozhevnikovYV.Sprint5.Task5.V3", "Tyuiu.KozhevnikovYV.Sprint5.Task5.V3\Tyuiu.KozhevnikovYV.Sprint5.Task5.V3.csproj", "{C52F260D-7374-4A8F-AC67-C8116423B4A4}"
EndProject
Project("{FAE04EC0-301F-11D3-BF4B-00C04F79EFBC}") = "Tyuiu.KozhevnikovYV.Sprint5.Task5.V3.Lib", "Tyuiu.KozhevnikovYV.Sprint5.Task5.V3.Lib\Tyuiu.KozhevnikovYV.Sprint5.Task5.V3.Lib.csproj", "{8096C6DE-8E95-47BB-BE45-799020824FE9}"
EndProject
Project("{FAE04EC0-301F-11D3-BF4B-00C04F79EFBC}") = "Tyuiu.KozhevnikovYV.Sprint5.Task5.V3.Test", "Tyuiu.KozhevnikovYV.Sprint5.Task5.V3.Test\Tyuiu.KozhevnikovYV.Sprint5.Task5.V3.Test.csproj", "{4C92CAE8-4E92-4E85-A4AA-EFD3E7414CC6}"
EndProject
Global
	GlobalSection(SolutionConfigurationPlatforms) = preSolution
		Debug|Any CPU = Debug|Any CPU
		Release|Any CPU = Release|Any CPU
	EndGlobalSection
	GlobalSection(ProjectConfigurationPlatforms) = postSolution
		{66C046EE-97E6-4603-80CC-433DCE265069}.Debug|Any CPU.ActiveCfg = Debug|Any CPU
		{66C046EE-97E6-4603-80CC-433DCE265069}.Debug|Any CPU.Build.0 = Debug|Any CPU
		{66C046EE-97E6-4603-80CC-433DCE265069}.Release|Any CPU.ActiveCfg = Release|Any CPU
		{66C046EE-97E6-4603-80CC-433DCE265069}.Release|Any CPU.Build.0 = Release|Any CPU
		{9D67C6FA-73DB-4C61-B10B-5625B3921956}.Debug|Any CPU.ActiveCfg = Debug|Any CPU
		{9D67C6FA-73DB-4C61-B10B-5625B3921956}.Debug|Any CPU.Build.0 = Debug|Any CPU
		{9D67C6FA-73DB-4C61-B10B-5625B3921956}.Release|Any CPU.ActiveCfg = Release|Any CPU
		{9D67C6FA-73DB-4C61-B10B-5625B3921956}.Release|Any CPU.Build.0 = Release|Any CPU
		{5E465BC1-2D29-4BEC-8068-0244BD1214D8}.Debug|Any CPU.ActiveCfg = Debug|Any CPU
		{5E465BC1-2D29-4BEC-8068-0244BD1214D8}.Debug|Any CPU.Build.0 = Debug|Any CPU
		{5E465BC1-2D29-4BEC-8068-0244BD1214D8}.Release|Any CPU.ActiveCfg = Release|Any CPU
		{5E465BC1-2D29-4BEC-8068-0244BD1214D8}.Release|Any CPU.Build.0 = Release|Any CPU
		{6B6AD00C-ED2E-4664-8044-CF6A4B42D593}.Debug|Any CPU.ActiveCfg = Debug|Any CPU
		{6B6AD00C-ED2E-4664-8044-CF6A4B42D593}.Debug|Any CPU.Build.0 = Debug|Any CPU
		{6B6AD00C-ED2E-4664-8044-CF6A4B42D593}.Release|Any CPU.ActiveCfg = Release|Any CPU
		{6B6AD00C-ED2E-4664-8044-CF6A4B42D593}.Release|Any CPU.Build.0 = Release|Any CPU
		{F331AD33-CB68-42EA-8D1D-F4D71D9E7BB0}.Debug|Any CPU.ActiveCfg = Debug|Any CPU
		{F331AD33-CB68-42EA-8D1D-F4D71D9E7BB0}.Debug|Any CPU.Build.0 = Debug|Any CPU
		{F331AD33-CB68-42EA-8D1D-F4D71D9E7BB0}.Release|Any CPU.ActiveCfg = Release|Any CPU
		{F331AD33-CB68-42EA-8D1D-F4D71D9E7BB0}.Release|Any CPU.Build.0 = Release|Any CPU
		{FFE03574-9529-446A-A274-022AFA4B9EA6}.Debug|Any CPU.ActiveCfg = Debug|Any CPU
		{FFE03574-9529-446A-A274-022AFA4B9EA6}.Debug|Any CPU.Build.0 = Debug|Any CPU
		{FFE03574-9529-446A-A274-022AFA4B9EA6}.Release|Any CPU.ActiveCfg = Release|Any CPU
		{FFE03574-9529-446A-A274-022AFA4B9EA6}.Release|Any CPU.Build.0 = Release|Any CPU
		{BFFC1CBF-6ECC-42A6-9E20-1BE92F4DDF82}.Debug|Any CPU.ActiveCfg = Debug|Any CPU
		{BFFC1CBF-6ECC-42A6-9E20-1BE92F4DDF82}.Debug|Any CPU.Build.0 = Debug|Any CPU
		{BFFC1CBF-6ECC-42A6-9E20-1BE92F4DDF82}.Release|Any CPU.ActiveCfg = Release|Any CPU
		{BFFC1CBF-6ECC-42A6-9E20-1BE92F4DDF82}.Release|Any CPU.Build.0 = Release|Any CPU
		{8F8ABD79-6470-4036-8CDE-A409A112DC2B}.Debug|Any CPU.ActiveCfg = Debug|Any CPU
		{8F8ABD79-6470-4036-8CDE-A409A112DC2B}.Debug|Any CPU.Build.0 = Debug|Any CPU
		{8F8ABD79-6470-4036-8CDE-A409A112DC2B}.Release|Any CPU.ActiveCfg = Release|Any CPU
		{8F8ABD79-6470-4036-8CDE-A409A112DC2B}.Release|Any CPU.Build.0 = Release|Any CPU
		{803A4357-0D12-4183-A308-C635EA6B17D5}.Debug|Any CPU.ActiveCfg = Debug|Any CPU
		{803A4357-0D12-4183-A308-C635EA6B17D5}.Debug|Any CPU.Build.0 = Debug|Any CPU
		{803A4357-0D12-4183-A308-C635EA6B17D5}.Release|Any CPU.ActiveCfg = Release|Any CPU
		{803A4357-0D12-4183-A308-C635EA6B17D5}.Release|Any CPU.Build.0 = Release|Any CPU
		{0406A5E5-BC69-42D4-AAE0-867108BDFE56}.Debug|Any CPU.ActiveCfg = Debug|Any CPU
		{0406A5E5-BC69-42D4-AAE0-867108BDFE56}.Debug|Any CPU.Build.0 = Debug|Any CPU
		{0406A5E5-BC69-42D4-AAE0-867108BDFE56}.Release|Any CPU.ActiveCfg = Release|Any CPU
		{0406A5E5-BC69-42D4-AAE0-867108BDFE56}.Release|Any CPU.Build.0 = Release|Any CPU
		{6DC2FBFE-9AF6-461C-9184-705B41F97D11}.Debug|Any CPU.ActiveCfg = Debug|Any CPU
		{6DC2FBFE-9AF6-461C-9184-705B41F97D11}.Debug|Any CPU.Build.0 = Debug|Any CPU
		{6DC2FBFE-9AF6-461C-9184-705B41F97D11}.Release|Any CPU.ActiveCfg = Release|Any CPU
		{6DC2FBFE-9AF6-461C-9184-705B41F97D11}.Release|Any CPU.Build.0 = Release|Any CPU
		{251775C6-6260-4933-8FF1-3272D23677A4}.Debug|Any CPU.ActiveCfg = Debug|Any CPU
		{251775C6-6260-4933-8FF1-3272D23677A4}.Debug|Any CPU.Build.0 = Debug|Any CPU
		{251775C6-6260-4933-8FF1-3272D23677A4}.Release|Any CPU.ActiveCfg = Release|Any CPU
		{251775C6-6260-4933-8FF1-3272D23677A4}.Release|Any CPU.Build.0 = Release|Any CPU
		{AC70BF3C-8831-486C-9544-A21D279E57B7}.Debug|Any CPU.ActiveCfg = Debug|Any CPU
		{AC70BF3C-8831-486C-9544-A21D279E57B7}.Debug|Any CPU.Build.0 = Debug|Any CPU
		{AC70BF3C-8831-486C-9544-A21D279E57B7}.Release|Any CPU.ActiveCfg = Release|Any CPU
		{AC70BF3C-8831-486C-9544-A21D279E57B7}.Release|Any CPU.Build.0 = Release|Any CPU
		{2377B386-3A54-40DE-BA5D-FAF2CAB96899}.Debug|Any CPU.ActiveCfg = Debug|Any CPU
		{2377B386-3A54-40DE-BA5D-FAF2CAB96899}.Debug|Any CPU.Build.0 = Debug|Any CPU
		{2377B386-3A54-40DE-BA5D-FAF2CAB96899}.Release|Any CPU.ActiveCfg = Release|Any CPU
		{2377B386-3A54-40DE-BA5D-FAF2CAB96899}.Release|Any CPU.Build.0 = Release|Any CPU
		{2BC078A5-D61B-4EA8-9603-164C8D9D7C79}.Debug|Any CPU.ActiveCfg = Debug|Any CPU
		{2BC078A5-D61B-4EA8-9603-164C8D9D7C79}.Debug|Any CPU.Build.0 = Debug|Any CPU
		{2BC078A5-D61B-4EA8-9603-164C8D9D7C79}.Release|Any CPU.ActiveCfg = Release|Any CPU
		{2BC078A5-D61B-4EA8-9603-164C8D9D7C79}.Release|Any CPU.Build.0 = Release|Any CPU
		{C52F260D-7374-4A8F-AC67-C8116423B4A4}.Debug|Any CPU.ActiveCfg = Debug|Any CPU
		{C52F260D-7374-4A8F-AC67-C8116423B4A4}.Debug|Any CPU.Build.0 = Debug|Any CPU
		{C52F260D-7374-4A8F-AC67-C8116423B4A4}.Release|Any CPU.ActiveCfg = Release|Any CPU
		{C52F260D-7374-4A8F-AC67-C8116423B4A4}.Release|Any CPU.Build.0 = Release|Any CPU
		{8096C6DE-8E95-47BB-BE45-799020824FE9}.Debug|Any CPU.ActiveCfg = Debug|Any CPU
		{8096C6DE-8E95-47BB-BE45-799020824FE9}.Debug|Any CPU.Build.0 = Debug|Any CPU
		{8096C6DE-8E95-47BB-BE45-799020824FE9}.Release|Any CPU.ActiveCfg = Release|Any CPU
		{8096C6DE-8E95-47BB-BE45-799020824FE9}.Release|Any CPU.Build.0 = Release|Any CPU
		{4C92CAE8-4E92-4E85-A4AA-EFD3E7414CC6}.Debug|Any CPU.ActiveCfg = Debug|Any CPU
		{4C92CAE8-4E92-4E85-A4AA-EFD3E7414CC6}.Debug|Any CPU.Build.0 = Debug|Any CPU
		{4C92CAE8-4E92-4E85-A4AA-EFD3E7414CC6}.Release|Any CPU.ActiveCfg = Release|Any CPU
		{4C92CAE8-4E92-4E85-A4AA-EFD3E7414CC6}.Release|Any CPU.Build.0 = Release|Any CPU
	EndGlobalSection
	GlobalSection(SolutionProperties) = preSolution
		HideSolutionNode = FALSE
	EndGlobalSection
	GlobalSection(NestedProjects) = preSolution
		{66C046EE-97E6-4603-80CC-433DCE265069} = {02EA681E-C7D8-13C7-8484-4AC65E1B71E8}
		{9D67C6FA-73DB-4C61-B10B-5625B3921956} = {02EA681E-C7D8-13C7-8484-4AC65E1B71E8}
		{5E465BC1-2D29-4BEC-8068-0244BD1214D8} = {02EA681E-C7D8-13C7-8484-4AC65E1B71E8}
		{6B6AD00C-ED2E-4664-8044-CF6A4B42D593} = {73145152-6C7C-4D11-BB2F-45411ACE171A}
		{F331AD33-CB68-42EA-8D1D-F4D71D9E7BB0} = {73145152-6C7C-4D11-BB2F-45411ACE171A}
		{FFE03574-9529-446A-A274-022AFA4B9EA6} = {73145152-6C7C-4D11-BB2F-45411ACE171A}
		{BFFC1CBF-6ECC-42A6-9E20-1BE92F4DDF82} = {38AEF07F-303D-446C-8B05-D630B01215E7}
		{8F8ABD79-6470-4036-8CDE-A409A112DC2B} = {38AEF07F-303D-446C-8B05-D630B01215E7}
		{803A4357-0D12-4183-A308-C635EA6B17D5} = {38AEF07F-303D-446C-8B05-D630B01215E7}
		{0406A5E5-BC69-42D4-AAE0-867108BDFE56} = {5E70E6B3-7524-4B5B-8222-86C6D12C33DB}
		{6DC2FBFE-9AF6-461C-9184-705B41F97D11} = {5E70E6B3-7524-4B5B-8222-86C6D12C33DB}
		{251775C6-6260-4933-8FF1-3272D23677A4} = {5E70E6B3-7524-4B5B-8222-86C6D12C33DB}
		{AC70BF3C-8831-486C-9544-A21D279E57B7} = {4DB5A448-A7AE-4664-BA4D-3C03AB2803B0}
		{2377B386-3A54-40DE-BA5D-FAF2CAB96899} = {4DB5A448-A7AE-4664-BA4D-3C03AB2803B0}
		{2BC078A5-D61B-4EA8-9603-164C8D9D7C79} = {4DB5A448-A7AE-4664-BA4D-3C03AB2803B0}
		{C52F260D-7374-4A8F-AC67-C8116423B4A4} = {CB86B51B-C64B-4A1B-A8EB-244A6F008463}
		{8096C6DE-8E95-47BB-BE45-799020824FE9} = {CB86B51B-C64B-4A1B-A8EB-244A6F008463}
		{4C92CAE8-4E92-4E85-A4AA-EFD3E7414CC6} = {CB86B51B-C64B-4A1B-A8EB-244A6F008463}
	EndGlobalSection
	GlobalSection(ExtensibilityGlobals) = postSolution
		SolutionGuid = {E677E2BF-5B63-4CCB-9AE0-696BE043D45D}
	EndGlobalSection
EndGlobal
